// !$*UTF8*$!
{
	archiveVersion = 1;
	classes = {
	};
	objectVersion = 46;
	objects = {

/* Begin PBXBuildFile section */
		7C84BBA4723EACBAC2921661 /* Pods_TestApp.framework in Frameworks */ = {isa = PBXBuildFile; fileRef = CF910FF96523607C3884978C /* Pods_TestApp.framework */; };
		8429C9C71EAECCA8004A5E2B /* AshppDelegate.swift in Sources */ = {isa = PBXBuildFile; fileRef = 8429C9C61EAECCA8004A5E2B /* AshppDelegate.swift */; };
		8429C9CC1EAECCA8004A5E2B /* Main.storyboard in Resources */ = {isa = PBXBuildFile; fileRef = 8429C9CA1EAECCA8004A5E2B /* Main.storyboard */; };
		8429C9D11EAECCA8004A5E2B /* Assets.xcassets in Resources */ = {isa = PBXBuildFile; fileRef = 8429C9D01EAECCA8004A5E2B /* Assets.xcassets */; };
		8429C9D41EAECCA8004A5E2B /* LaunchScreen.storyboard in Resources */ = {isa = PBXBuildFile; fileRef = 8429C9D21EAECCA8004A5E2B /* LaunchScreen.storyboard */; };
		8429C9DF1EAECD2C004A5E2B /* NoteViewController.swift in Sources */ = {isa = PBXBuildFile; fileRef = 8429C9DE1EAECD2C004A5E2B /* NoteViewController.swift */; };
		8429C9E21EAECD34004A5E2B /* TestApp.xcdatamodeld in Sources */ = {isa = PBXBuildFile; fileRef = 8429C9E01EAECD34004A5E2B /* TestApp.xcdatamodeld */; };
		8429C9E41EAECD48004A5E2B /* NoteModel.swift in Sources */ = {isa = PBXBuildFile; fileRef = 8429C9E31EAECD48004A5E2B /* NoteModel.swift */; };
		E6CAD9A32105C0AA00A6EAF0 /* alayalogo.png in Resources */ = {isa = PBXBuildFile; fileRef = E6CAD9A22105C0AA00A6EAF0 /* alayalogo.png */; };
		E6CAD9AB2105C30600A6EAF0 /* mockapiengine.swift in Sources */ = {isa = PBXBuildFile; fileRef = E6CAD9AA2105C30600A6EAF0 /* mockapiengine.swift */; };
		E6CAD9B52105C92700A6EAF0 /* OpenSans-SemiBold.ttf in Resources */ = {isa = PBXBuildFile; fileRef = E6CAD9B32105C92700A6EAF0 /* OpenSans-SemiBold.ttf */; };
		E6CAD9B62105C92700A6EAF0 /* OpenSans-Regular.ttf in Resources */ = {isa = PBXBuildFile; fileRef = E6CAD9B42105C92700A6EAF0 /* OpenSans-Regular.ttf */; };
		E6CAD9B82105C97600A6EAF0 /* MainController.swift in Sources */ = {isa = PBXBuildFile; fileRef = E6CAD9B72105C97600A6EAF0 /* MainController.swift */; };
		E6CAD9BB2105CA0200A6EAF0 /* NoteTableCell.swift in Sources */ = {isa = PBXBuildFile; fileRef = E6CAD9B92105CA0200A6EAF0 /* NoteTableCell.swift */; };
		E6CAD9BC2105CA0200A6EAF0 /* NoteTableCell.xib in Resources */ = {isa = PBXBuildFile; fileRef = E6CAD9BA2105CA0200A6EAF0 /* NoteTableCell.xib */; };
		E6CAD9BF2105D7B100A6EAF0 /* extensions.swift in Sources */ = {isa = PBXBuildFile; fileRef = E6CAD9BE2105D7B100A6EAF0 /* extensions.swift */; };
		E6CAD9C32105DA4600A6EAF0 /* hintvideo.gif in Resources */ = {isa = PBXBuildFile; fileRef = E6CAD9C22105DA4600A6EAF0 /* hintvideo.gif */; };
		E6CAD9C52105DC7A00A6EAF0 /* HintController.swift in Sources */ = {isa = PBXBuildFile; fileRef = E6CAD9C42105DC7A00A6EAF0 /* HintController.swift */; };
		E6CAD9C72105DF1300A6EAF0 /* SearchController.swift in Sources */ = {isa = PBXBuildFile; fileRef = E6CAD9C62105DF1300A6EAF0 /* SearchController.swift */; };
		E6CAD9CA2105E61800A6EAF0 /* DatabaseHelper.swift in Sources */ = {isa = PBXBuildFile; fileRef = E6CAD9C92105E61800A6EAF0 /* DatabaseHelper.swift */; };
/* End PBXBuildFile section */

/* Begin PBXFileReference section */
		0A39F8254A7BAC327A7EDA4F /* Pods-TestApp.debug.xcconfig */ = {isa = PBXFileReference; includeInIndex = 1; lastKnownFileType = text.xcconfig; name = "Pods-TestApp.debug.xcconfig"; path = "Pods/Target Support Files/Pods-TestApp/Pods-TestApp.debug.xcconfig"; sourceTree = "<group>"; };
		62F93751C402FAC5A12D9920 /* Pods-TestApp.release.xcconfig */ = {isa = PBXFileReference; includeInIndex = 1; lastKnownFileType = text.xcconfig; name = "Pods-TestApp.release.xcconfig"; path = "Pods/Target Support Files/Pods-TestApp/Pods-TestApp.release.xcconfig"; sourceTree = "<group>"; };
		8429C9C31EAECCA8004A5E2B /* TestApp.app */ = {isa = PBXFileReference; explicitFileType = wrapper.application; includeInIndex = 0; path = TestApp.app; sourceTree = BUILT_PRODUCTS_DIR; };
		8429C9C61EAECCA8004A5E2B /* AshppDelegate.swift */ = {isa = PBXFileReference; lastKnownFileType = sourcecode.swift; path = AshppDelegate.swift; sourceTree = "<group>"; };
		8429C9CB1EAECCA8004A5E2B /* Base */ = {isa = PBXFileReference; lastKnownFileType = file.storyboard; name = Base; path = Base.lproj/Main.storyboard; sourceTree = "<group>"; };
		8429C9D01EAECCA8004A5E2B /* Assets.xcassets */ = {isa = PBXFileReference; lastKnownFileType = folder.assetcatalog; path = Assets.xcassets; sourceTree = "<group>"; };
		8429C9D31EAECCA8004A5E2B /* Base */ = {isa = PBXFileReference; lastKnownFileType = file.storyboard; name = Base; path = Base.lproj/LaunchScreen.storyboard; sourceTree = "<group>"; };
		8429C9D51EAECCA8004A5E2B /* Info.plist */ = {isa = PBXFileReference; lastKnownFileType = text.plist.xml; path = Info.plist; sourceTree = "<group>"; };
		8429C9DE1EAECD2C004A5E2B /* NoteViewController.swift */ = {isa = PBXFileReference; fileEncoding = 4; lastKnownFileType = sourcecode.swift; path = NoteViewController.swift; sourceTree = "<group>"; };
		8429C9E11EAECD34004A5E2B /* TestApp.xcdatamodel */ = {isa = PBXFileReference; lastKnownFileType = wrapper.xcdatamodel; path = TestApp.xcdatamodel; sourceTree = "<group>"; };
		8429C9E31EAECD48004A5E2B /* NoteModel.swift */ = {isa = PBXFileReference; fileEncoding = 4; lastKnownFileType = sourcecode.swift; path = NoteModel.swift; sourceTree = "<group>"; };
		CF910FF96523607C3884978C /* Pods_TestApp.framework */ = {isa = PBXFileReference; explicitFileType = wrapper.framework; includeInIndex = 0; path = Pods_TestApp.framework; sourceTree = BUILT_PRODUCTS_DIR; };
		E6CAD9A22105C0AA00A6EAF0 /* alayalogo.png */ = {isa = PBXFileReference; lastKnownFileType = image.png; path = alayalogo.png; sourceTree = "<group>"; };
		E6CAD9AA2105C30600A6EAF0 /* mockapiengine.swift */ = {isa = PBXFileReference; lastKnownFileType = sourcecode.swift; path = mockapiengine.swift; sourceTree = "<group>"; };
		E6CAD9B32105C92700A6EAF0 /* OpenSans-SemiBold.ttf */ = {isa = PBXFileReference; lastKnownFileType = file; path = "OpenSans-SemiBold.ttf"; sourceTree = "<group>"; };
		E6CAD9B42105C92700A6EAF0 /* OpenSans-Regular.ttf */ = {isa = PBXFileReference; lastKnownFileType = file; path = "OpenSans-Regular.ttf"; sourceTree = "<group>"; };
		E6CAD9B72105C97600A6EAF0 /* MainController.swift */ = {isa = PBXFileReference; lastKnownFileType = sourcecode.swift; path = MainController.swift; sourceTree = "<group>"; };
		E6CAD9B92105CA0200A6EAF0 /* NoteTableCell.swift */ = {isa = PBXFileReference; lastKnownFileType = sourcecode.swift; path = NoteTableCell.swift; sourceTree = "<group>"; };
		E6CAD9BA2105CA0200A6EAF0 /* NoteTableCell.xib */ = {isa = PBXFileReference; lastKnownFileType = file.xib; path = NoteTableCell.xib; sourceTree = "<group>"; };
		E6CAD9BE2105D7B100A6EAF0 /* extensions.swift */ = {isa = PBXFileReference; lastKnownFileType = sourcecode.swift; path = extensions.swift; sourceTree = "<group>"; };
		E6CAD9C22105DA4600A6EAF0 /* hintvideo.gif */ = {isa = PBXFileReference; lastKnownFileType = image.gif; path = hintvideo.gif; sourceTree = "<group>"; };
		E6CAD9C42105DC7A00A6EAF0 /* HintController.swift */ = {isa = PBXFileReference; lastKnownFileType = sourcecode.swift; path = HintController.swift; sourceTree = "<group>"; };
		E6CAD9C62105DF1300A6EAF0 /* SearchController.swift */ = {isa = PBXFileReference; lastKnownFileType = sourcecode.swift; path = SearchController.swift; sourceTree = "<group>"; };
		E6CAD9C92105E61800A6EAF0 /* DatabaseHelper.swift */ = {isa = PBXFileReference; lastKnownFileType = sourcecode.swift; path = DatabaseHelper.swift; sourceTree = "<group>"; };
/* End PBXFileReference section */

/* Begin PBXFrameworksBuildPhase section */
		8429C9C01EAECCA8004A5E2B /* Frameworks */ = {
			isa = PBXFrameworksBuildPhase;
			buildActionMask = 2147483647;
			files = (
				7C84BBA4723EACBAC2921661 /* Pods_TestApp.framework in Frameworks */,
			);
			runOnlyForDeploymentPostprocessing = 0;
		};
/* End PBXFrameworksBuildPhase section */

/* Begin PBXGroup section */
		090E5AC9FBF0946DF9628FCC /* Pods */ = {
			isa = PBXGroup;
			children = (
				0A39F8254A7BAC327A7EDA4F /* Pods-TestApp.debug.xcconfig */,
				62F93751C402FAC5A12D9920 /* Pods-TestApp.release.xcconfig */,
			);
			name = Pods;
			sourceTree = "<group>";
		};
		13F53A9B80BEA9346666B6FA /* Frameworks */ = {
			isa = PBXGroup;
			children = (
				CF910FF96523607C3884978C /* Pods_TestApp.framework */,
			);
			name = Frameworks;
			sourceTree = "<group>";
		};
		8429C9BA1EAECCA8004A5E2B = {
			isa = PBXGroup;
			children = (
				8429C9C51EAECCA8004A5E2B /* TestApp */,
				8429C9C41EAECCA8004A5E2B /* Products */,
				090E5AC9FBF0946DF9628FCC /* Pods */,
				13F53A9B80BEA9346666B6FA /* Frameworks */,
			);
			sourceTree = "<group>";
		};
		8429C9C41EAECCA8004A5E2B /* Products */ = {
			isa = PBXGroup;
			children = (
				8429C9C31EAECCA8004A5E2B /* TestApp.app */,
			);
			name = Products;
			sourceTree = "<group>";
		};
		8429C9C51EAECCA8004A5E2B /* TestApp */ = {
			isa = PBXGroup;
			children = (
				E6CAD9C82105E5E400A6EAF0 /* databaseHelper */,
				E6CAD9BD2105D78200A6EAF0 /* extension */,
				E6CAD9B22105C8E200A6EAF0 /* fonts */,
				E6CAD9A92105C2EC00A6EAF0 /* mockrequesthelper */,
				E6CAD9A12105BDEA00A6EAF0 /* Images */,
				E6CAD99E2105BD5700A6EAF0 /* Views */,
				8429C9DB1EAECD0B004A5E2B /* Controller */,
				8429C9DC1EAECD0B004A5E2B /* Model */,
				8429C9C61EAECCA8004A5E2B /* AshppDelegate.swift */,
				8429C9D01EAECCA8004A5E2B /* Assets.xcassets */,
				8429C9D51EAECCA8004A5E2B /* Info.plist */,
			);
			path = TestApp;
			sourceTree = "<group>";
		};
		8429C9DB1EAECD0B004A5E2B /* Controller */ = {
			isa = PBXGroup;
			children = (
				8429C9DE1EAECD2C004A5E2B /* NoteViewController.swift */,
				E6CAD9B72105C97600A6EAF0 /* MainController.swift */,
				E6CAD9C42105DC7A00A6EAF0 /* HintController.swift */,
				E6CAD9C62105DF1300A6EAF0 /* SearchController.swift */,
			);
			path = Controller;
			sourceTree = "<group>";
		};
		8429C9DC1EAECD0B004A5E2B /* Model */ = {
			isa = PBXGroup;
			children = (
				8429C9E01EAECD34004A5E2B /* TestApp.xcdatamodeld */,
				8429C9E31EAECD48004A5E2B /* NoteModel.swift */,
			);
			path = Model;
			sourceTree = "<group>";
		};
		E6CAD99E2105BD5700A6EAF0 /* Views */ = {
			isa = PBXGroup;
			children = (
				E6CAD9A02105BD6900A6EAF0 /* Cells */,
				E6CAD99F2105BD5E00A6EAF0 /* Storyboard */,
			);
			path = Views;
			sourceTree = "<group>";
		};
		E6CAD99F2105BD5E00A6EAF0 /* Storyboard */ = {
			isa = PBXGroup;
			children = (
				8429C9D21EAECCA8004A5E2B /* LaunchScreen.storyboard */,
				8429C9CA1EAECCA8004A5E2B /* Main.storyboard */,
			);
			path = Storyboard;
			sourceTree = "<group>";
		};
		E6CAD9A02105BD6900A6EAF0 /* Cells */ = {
			isa = PBXGroup;
			children = (
				E6CAD9B92105CA0200A6EAF0 /* NoteTableCell.swift */,
				E6CAD9BA2105CA0200A6EAF0 /* NoteTableCell.xib */,
			);
			path = Cells;
			sourceTree = "<group>";
		};
		E6CAD9A12105BDEA00A6EAF0 /* Images */ = {
			isa = PBXGroup;
			children = (
				E6CAD9C22105DA4600A6EAF0 /* hintvideo.gif */,
				E6CAD9A22105C0AA00A6EAF0 /* alayalogo.png */,
			);
			path = Images;
			sourceTree = "<group>";
		};
		E6CAD9A92105C2EC00A6EAF0 /* mockrequesthelper */ = {
			isa = PBXGroup;
			children = (
				E6CAD9AA2105C30600A6EAF0 /* mockapiengine.swift */,
			);
			path = mockrequesthelper;
			sourceTree = "<group>";
		};
		E6CAD9B22105C8E200A6EAF0 /* fonts */ = {
			isa = PBXGroup;
			children = (
				E6CAD9B42105C92700A6EAF0 /* OpenSans-Regular.ttf */,
				E6CAD9B32105C92700A6EAF0 /* OpenSans-SemiBold.ttf */,
			);
			name = fonts;
			path = "New Group";
			sourceTree = "<group>";
		};
		E6CAD9BD2105D78200A6EAF0 /* extension */ = {
			isa = PBXGroup;
			children = (
				E6CAD9BE2105D7B100A6EAF0 /* extensions.swift */,
			);
			path = extension;
			sourceTree = "<group>";
		};
		E6CAD9C82105E5E400A6EAF0 /* databaseHelper */ = {
			isa = PBXGroup;
			children = (
				E6CAD9C92105E61800A6EAF0 /* DatabaseHelper.swift */,
			);
			path = databaseHelper;
			sourceTree = "<group>";
		};
/* End PBXGroup section */

/* Begin PBXNativeTarget section */
		8429C9C21EAECCA8004A5E2B /* TestApp */ = {
			isa = PBXNativeTarget;
			buildConfigurationList = 8429C9D81EAECCA8004A5E2B /* Build configuration list for PBXNativeTarget "TestApp" */;
			buildPhases = (
				BEB2FC613F59FB889CFB52E1 /* [CP] Check Pods Manifest.lock */,
				8429C9BF1EAECCA8004A5E2B /* Sources */,
				8429C9C01EAECCA8004A5E2B /* Frameworks */,
				8429C9C11EAECCA8004A5E2B /* Resources */,
				FDBB1B5E8BAC5E8361EC4BDC /* [CP] Embed Pods Frameworks */,
				742200A749A1A7AE2534ADC9 /* [CP] Copy Pods Resources */,
			);
			buildRules = (
			);
			dependencies = (
			);
			name = TestApp;
			productName = TestApp;
			productReference = 8429C9C31EAECCA8004A5E2B /* TestApp.app */;
			productType = "com.apple.product-type.application";
		};
/* End PBXNativeTarget section */

/* Begin PBXProject section */
		8429C9BB1EAECCA8004A5E2B /* Project object */ = {
			isa = PBXProject;
			attributes = {
				LastSwiftUpdateCheck = 0830;
				LastUpgradeCheck = 0930;
				ORGANIZATIONNAME = AlayaCare;
				TargetAttributes = {
					8429C9C21EAECCA8004A5E2B = {
						CreatedOnToolsVersion = 8.3.2;
						DevelopmentTeam = 4Z59DEGJEZ;
						LastSwiftMigration = 0930;
						ProvisioningStyle = Manual;
					};
				};
			};
			buildConfigurationList = 8429C9BE1EAECCA8004A5E2B /* Build configuration list for PBXProject "TestApp" */;
			compatibilityVersion = "Xcode 3.2";
			developmentRegion = English;
			hasScannedForEncodings = 0;
			knownRegions = (
				en,
				Base,
			);
			mainGroup = 8429C9BA1EAECCA8004A5E2B;
			productRefGroup = 8429C9C41EAECCA8004A5E2B /* Products */;
			projectDirPath = "";
			projectRoot = "";
			targets = (
				8429C9C21EAECCA8004A5E2B /* TestApp */,
			);
		};
/* End PBXProject section */

/* Begin PBXResourcesBuildPhase section */
		8429C9C11EAECCA8004A5E2B /* Resources */ = {
			isa = PBXResourcesBuildPhase;
			buildActionMask = 2147483647;
			files = (
				8429C9D41EAECCA8004A5E2B /* LaunchScreen.storyboard in Resources */,
				E6CAD9A32105C0AA00A6EAF0 /* alayalogo.png in Resources */,
				E6CAD9B52105C92700A6EAF0 /* OpenSans-SemiBold.ttf in Resources */,
				E6CAD9C32105DA4600A6EAF0 /* hintvideo.gif in Resources */,
				8429C9D11EAECCA8004A5E2B /* Assets.xcassets in Resources */,
				E6CAD9B62105C92700A6EAF0 /* OpenSans-Regular.ttf in Resources */,
				E6CAD9BC2105CA0200A6EAF0 /* NoteTableCell.xib in Resources */,
				8429C9CC1EAECCA8004A5E2B /* Main.storyboard in Resources */,
			);
			runOnlyForDeploymentPostprocessing = 0;
		};
/* End PBXResourcesBuildPhase section */

/* Begin PBXShellScriptBuildPhase section */
		742200A749A1A7AE2534ADC9 /* [CP] Copy Pods Resources */ = {
			isa = PBXShellScriptBuildPhase;
			buildActionMask = 2147483647;
			files = (
			);
			inputPaths = (
			);
			name = "[CP] Copy Pods Resources";
			outputPaths = (
			);
			runOnlyForDeploymentPostprocessing = 0;
			shellPath = /bin/sh;
			shellScript = "\"${SRCROOT}/Pods/Target Support Files/Pods-TestApp/Pods-TestApp-resources.sh\"\n";
			showEnvVarsInLog = 0;
		};
		BEB2FC613F59FB889CFB52E1 /* [CP] Check Pods Manifest.lock */ = {
			isa = PBXShellScriptBuildPhase;
			buildActionMask = 2147483647;
			files = (
			);
			inputPaths = (
				"${PODS_PODFILE_DIR_PATH}/Podfile.lock",
				"${PODS_ROOT}/Manifest.lock",
			);
			name = "[CP] Check Pods Manifest.lock";
			outputPaths = (
				"$(DERIVED_FILE_DIR)/Pods-TestApp-checkManifestLockResult.txt",
			);
			runOnlyForDeploymentPostprocessing = 0;
			shellPath = /bin/sh;
			shellScript = "diff \"${PODS_PODFILE_DIR_PATH}/Podfile.lock\" \"${PODS_ROOT}/Manifest.lock\" > /dev/null\nif [ $? != 0 ] ; then\n    # print error to STDERR\n    echo \"error: The sandbox is not in sync with the Podfile.lock. Run 'pod install' or update your CocoaPods installation.\" >&2\n    exit 1\nfi\n# This output is used by Xcode 'outputs' to avoid re-running this script phase.\necho \"SUCCESS\" > \"${SCRIPT_OUTPUT_FILE_0}\"\n";
			showEnvVarsInLog = 0;
		};
		FDBB1B5E8BAC5E8361EC4BDC /* [CP] Embed Pods Frameworks */ = {
			isa = PBXShellScriptBuildPhase;
			buildActionMask = 2147483647;
			files = (
			);
			inputPaths = (
				"${SRCROOT}/Pods/Target Support Files/Pods-TestApp/Pods-TestApp-frameworks.sh",
				"${BUILT_PRODUCTS_DIR}/NVActivityIndicatorView/NVActivityIndicatorView.framework",
				"${BUILT_PRODUCTS_DIR}/SVProgressHUD/SVProgressHUD.framework",
				"${BUILT_PRODUCTS_DIR}/SwiftGifOrigin/SwiftGifOrigin.framework",
			);
			name = "[CP] Embed Pods Frameworks";
			outputPaths = (
				"${TARGET_BUILD_DIR}/${FRAMEWORKS_FOLDER_PATH}/NVActivityIndicatorView.framework",
				"${TARGET_BUILD_DIR}/${FRAMEWORKS_FOLDER_PATH}/SVProgressHUD.framework",
				"${TARGET_BUILD_DIR}/${FRAMEWORKS_FOLDER_PATH}/SwiftGifOrigin.framework",
			);
			runOnlyForDeploymentPostprocessing = 0;
			shellPath = /bin/sh;
			shellScript = "\"${SRCROOT}/Pods/Target Support Files/Pods-TestApp/Pods-TestApp-frameworks.sh\"\n";
			showEnvVarsInLog = 0;
		};
/* End PBXShellScriptBuildPhase section */

/* Begin PBXSourcesBuildPhase section */
		8429C9BF1EAECCA8004A5E2B /* Sources */ = {
			isa = PBXSourcesBuildPhase;
			buildActionMask = 2147483647;
			files = (
				8429C9DF1EAECD2C004A5E2B /* NoteViewController.swift in Sources */,
				E6CAD9C72105DF1300A6EAF0 /* SearchController.swift in Sources */,
				8429C9E21EAECD34004A5E2B /* TestApp.xcdatamodeld in Sources */,
				E6CAD9CA2105E61800A6EAF0 /* DatabaseHelper.swift in Sources */,
				E6CAD9BB2105CA0200A6EAF0 /* NoteTableCell.swift in Sources */,
				E6CAD9BF2105D7B100A6EAF0 /* extensions.swift in Sources */,
				E6CAD9C52105DC7A00A6EAF0 /* HintController.swift in Sources */,
				8429C9C71EAECCA8004A5E2B /* AshppDelegate.swift in Sources */,
				8429C9E41EAECD48004A5E2B /* NoteModel.swift in Sources */,
				E6CAD9B82105C97600A6EAF0 /* MainController.swift in Sources */,
				E6CAD9AB2105C30600A6EAF0 /* mockapiengine.swift in Sources */,
			);
			runOnlyForDeploymentPostprocessing = 0;
		};
/* End PBXSourcesBuildPhase section */

/* Begin PBXVariantGroup section */
		8429C9CA1EAECCA8004A5E2B /* Main.storyboard */ = {
			isa = PBXVariantGroup;
			children = (
				8429C9CB1EAECCA8004A5E2B /* Base */,
			);
			name = Main.storyboard;
			sourceTree = "<group>";
		};
		8429C9D21EAECCA8004A5E2B /* LaunchScreen.storyboard */ = {
			isa = PBXVariantGroup;
			children = (
				8429C9D31EAECCA8004A5E2B /* Base */,
			);
			name = LaunchScreen.storyboard;
			sourceTree = "<group>";
		};
/* End PBXVariantGroup section */

/* Begin XCBuildConfiguration section */
		8429C9D61EAECCA8004A5E2B /* Debug */ = {
			isa = XCBuildConfiguration;
			buildSettings = {
				ALWAYS_SEARCH_USER_PATHS = NO;
				CLANG_ANALYZER_NONNULL = YES;
				CLANG_ANALYZER_NUMBER_OBJECT_CONVERSION = YES_AGGRESSIVE;
				CLANG_CXX_LANGUAGE_STANDARD = "gnu++0x";
				CLANG_CXX_LIBRARY = "libc++";
				CLANG_ENABLE_MODULES = YES;
				CLANG_ENABLE_OBJC_ARC = YES;
				CLANG_WARN_BLOCK_CAPTURE_AUTORELEASING = YES;
				CLANG_WARN_BOOL_CONVERSION = YES;
				CLANG_WARN_COMMA = YES;
				CLANG_WARN_CONSTANT_CONVERSION = YES;
				CLANG_WARN_DEPRECATED_OBJC_IMPLEMENTATIONS = YES;
				CLANG_WARN_DIRECT_OBJC_ISA_USAGE = YES_ERROR;
				CLANG_WARN_DOCUMENTATION_COMMENTS = YES;
				CLANG_WARN_EMPTY_BODY = YES;
				CLANG_WARN_ENUM_CONVERSION = YES;
				CLANG_WARN_INFINITE_RECURSION = YES;
				CLANG_WARN_INT_CONVERSION = YES;
				CLANG_WARN_NON_LITERAL_NULL_CONVERSION = YES;
				CLANG_WARN_OBJC_IMPLICIT_RETAIN_SELF = YES;
				CLANG_WARN_OBJC_LITERAL_CONVERSION = YES;
				CLANG_WARN_OBJC_ROOT_CLASS = YES_ERROR;
				CLANG_WARN_RANGE_LOOP_ANALYSIS = YES;
				CLANG_WARN_STRICT_PROTOTYPES = YES;
				CLANG_WARN_SUSPICIOUS_MOVE = YES;
				CLANG_WARN_UNREACHABLE_CODE = YES;
				CLANG_WARN__DUPLICATE_METHOD_MATCH = YES;
				"CODE_SIGN_IDENTITY[sdk=iphoneos*]" = "iPhone Developer";
				COPY_PHASE_STRIP = NO;
				DEBUG_INFORMATION_FORMAT = dwarf;
				ENABLE_STRICT_OBJC_MSGSEND = YES;
				ENABLE_TESTABILITY = YES;
				GCC_C_LANGUAGE_STANDARD = gnu99;
				GCC_DYNAMIC_NO_PIC = NO;
				GCC_NO_COMMON_BLOCKS = YES;
				GCC_OPTIMIZATION_LEVEL = 0;
				GCC_PREPROCESSOR_DEFINITIONS = (
					"DEBUG=1",
					"$(inherited)",
				);
				GCC_WARN_64_TO_32_BIT_CONVERSION = YES;
				GCC_WARN_ABOUT_RETURN_TYPE = YES_ERROR;
				GCC_WARN_UNDECLARED_SELECTOR = YES;
				GCC_WARN_UNINITIALIZED_AUTOS = YES_AGGRESSIVE;
				GCC_WARN_UNUSED_FUNCTION = YES;
				GCC_WARN_UNUSED_VARIABLE = YES;
				IPHONEOS_DEPLOYMENT_TARGET = 10.3;
				MTL_ENABLE_DEBUG_INFO = YES;
				ONLY_ACTIVE_ARCH = YES;
				SDKROOT = iphoneos;
				SWIFT_ACTIVE_COMPILATION_CONDITIONS = DEBUG;
				SWIFT_OPTIMIZATION_LEVEL = "-Onone";
			};
			name = Debug;
		};
		8429C9D71EAECCA8004A5E2B /* Release */ = {
			isa = XCBuildConfiguration;
			buildSettings = {
				ALWAYS_SEARCH_USER_PATHS = NO;
				CLANG_ANALYZER_NONNULL = YES;
				CLANG_ANALYZER_NUMBER_OBJECT_CONVERSION = YES_AGGRESSIVE;
				CLANG_CXX_LANGUAGE_STANDARD = "gnu++0x";
				CLANG_CXX_LIBRARY = "libc++";
				CLANG_ENABLE_MODULES = YES;
				CLANG_ENABLE_OBJC_ARC = YES;
				CLANG_WARN_BLOCK_CAPTURE_AUTORELEASING = YES;
				CLANG_WARN_BOOL_CONVERSION = YES;
				CLANG_WARN_COMMA = YES;
				CLANG_WARN_CONSTANT_CONVERSION = YES;
				CLANG_WARN_DEPRECATED_OBJC_IMPLEMENTATIONS = YES;
				CLANG_WARN_DIRECT_OBJC_ISA_USAGE = YES_ERROR;
				CLANG_WARN_DOCUMENTATION_COMMENTS = YES;
				CLANG_WARN_EMPTY_BODY = YES;
				CLANG_WARN_ENUM_CONVERSION = YES;
				CLANG_WARN_INFINITE_RECURSION = YES;
				CLANG_WARN_INT_CONVERSION = YES;
				CLANG_WARN_NON_LITERAL_NULL_CONVERSION = YES;
				CLANG_WARN_OBJC_IMPLICIT_RETAIN_SELF = YES;
				CLANG_WARN_OBJC_LITERAL_CONVERSION = YES;
				CLANG_WARN_OBJC_ROOT_CLASS = YES_ERROR;
				CLANG_WARN_RANGE_LOOP_ANALYSIS = YES;
				CLANG_WARN_STRICT_PROTOTYPES = YES;
				CLANG_WARN_SUSPICIOUS_MOVE = YES;
				CLANG_WARN_UNREACHABLE_CODE = YES;
				CLANG_WARN__DUPLICATE_METHOD_MATCH = YES;
				"CODE_SIGN_IDENTITY[sdk=iphoneos*]" = "iPhone Developer";
				COPY_PHASE_STRIP = NO;
				DEBUG_INFORMATION_FORMAT = "dwarf-with-dsym";
				ENABLE_NS_ASSERTIONS = NO;
				ENABLE_STRICT_OBJC_MSGSEND = YES;
				GCC_C_LANGUAGE_STANDARD = gnu99;
				GCC_NO_COMMON_BLOCKS = YES;
				GCC_WARN_64_TO_32_BIT_CONVERSION = YES;
				GCC_WARN_ABOUT_RETURN_TYPE = YES_ERROR;
				GCC_WARN_UNDECLARED_SELECTOR = YES;
				GCC_WARN_UNINITIALIZED_AUTOS = YES_AGGRESSIVE;
				GCC_WARN_UNUSED_FUNCTION = YES;
				GCC_WARN_UNUSED_VARIABLE = YES;
				IPHONEOS_DEPLOYMENT_TARGET = 10.3;
				MTL_ENABLE_DEBUG_INFO = NO;
				SDKROOT = iphoneos;
				SWIFT_OPTIMIZATION_LEVEL = "-Owholemodule";
				VALIDATE_PRODUCT = YES;
			};
			name = Release;
		};
		8429C9D91EAECCA8004A5E2B /* Debug */ = {
			isa = XCBuildConfiguration;
			baseConfigurationReference = 0A39F8254A7BAC327A7EDA4F /* Pods-TestApp.debug.xcconfig */;
			buildSettings = {
				ASSETCATALOG_COMPILER_APPICON_NAME = AppIcon;
				"CODE_SIGN_IDENTITY[sdk=iphoneos*]" = "iPhone Distribution";
				DEVELOPMENT_TEAM = 4Z59DEGJEZ;
				INFOPLIST_FILE = TestApp/Info.plist;
				LD_RUNPATH_SEARCH_PATHS = "$(inherited) @executable_path/Frameworks";
				PRODUCT_BUNDLE_IDENTIFIER = alayacare.TestApp;
				PRODUCT_NAME = "$(TARGET_NAME)";
				PROVISIONING_PROFILE = "beb4cb64-3eb1-48b0-b9cc-9c5b1bf49b1b";
				PROVISIONING_PROFILE_SPECIFIER = "XC iOS: *";
				SWIFT_SWIFT3_OBJC_INFERENCE = On;
				SWIFT_VERSION = 4.0;
			};
			name = Debug;
		};
		8429C9DA1EAECCA8004A5E2B /* Release */ = {
			isa = XCBuildConfiguration;
			baseConfigurationReference = 62F93751C402FAC5A12D9920 /* Pods-TestApp.release.xcconfig */;
			buildSettings = {
				ASSETCATALOG_COMPILER_APPICON_NAME = AppIcon;
				"CODE_SIGN_IDENTITY[sdk=iphoneos*]" = "iPhone Distribution";
				DEVELOPMENT_TEAM = AUCWMQ5DFY;
				INFOPLIST_FILE = TestApp/Info.plist;
				LD_RUNPATH_SEARCH_PATHS = "$(inherited) @executable_path/Frameworks";
				PRODUCT_BUNDLE_IDENTIFIER = alayacare.TestApp;
				PRODUCT_NAME = "$(TARGET_NAME)";
				PROVISIONING_PROFILE = "c8f191f5-e413-4a27-a984-27100765bc21";
				PROVISIONING_PROFILE_SPECIFIER = "XC: *";
				SWIFT_SWIFT3_OBJC_INFERENCE = On;
				SWIFT_VERSION = 4.0;
			};
			name = Release;
		};
/* End XCBuildConfiguration section */

/* Begin XCConfigurationList section */
		8429C9BE1EAECCA8004A5E2B /* Build configuration list for PBXProject "TestApp" */ = {
			isa = XCConfigurationList;
			buildConfigurations = (
				8429C9D61EAECCA8004A5E2B /* Debug */,
				8429C9D71EAECCA8004A5E2B /* Release */,
			);
			defaultConfigurationIsVisible = 0;
			defaultConfigurationName = Release;
		};
		8429C9D81EAECCA8004A5E2B /* Build configuration list for PBXNativeTarget "TestApp" */ = {
			isa = XCConfigurationList;
			buildConfigurations = (
				8429C9D91EAECCA8004A5E2B /* Debug */,
				8429C9DA1EAECCA8004A5E2B /* Release */,
			);
			defaultConfigurationIsVisible = 0;
			defaultConfigurationName = Release;
		};
/* End XCConfigurationList section */

/* Begin XCVersionGroup section */
		8429C9E01EAECD34004A5E2B /* TestApp.xcdatamodeld */ = {
			isa = XCVersionGroup;
			children = (
				8429C9E11EAECD34004A5E2B /* TestApp.xcdatamodel */,
			);
			currentVersion = 8429C9E11EAECD34004A5E2B /* TestApp.xcdatamodel */;
			path = TestApp.xcdatamodeld;
			sourceTree = "<group>";
			versionGroupType = wrapper.xcdatamodel;
		};
/* End XCVersionGroup section */
	};
	rootObject = 8429C9BB1EAECCA8004A5E2B /* Project object */;
}
